// !$*UTF8*$!
{
	archiveVersion = 1;
	classes = {
	};
	objectVersion = 46;
	objects = {

/* Begin PBXBuildFile section */
		0C13FA61269A7B1709209401 /* Pods_Citi.framework in Frameworks */ = {isa = PBXBuildFile; fileRef = 47BBB57C9ED56E7906FB1EA3 /* Pods_Citi.framework */; };
		5B6044E11D8B389400D7EAE9 /* AppDelegate.swift in Sources */ = {isa = PBXBuildFile; fileRef = 5B6044E01D8B389400D7EAE9 /* AppDelegate.swift */; };
		5B6044E31D8B389400D7EAE9 /* LoginViewController.swift in Sources */ = {isa = PBXBuildFile; fileRef = 5B6044E21D8B389400D7EAE9 /* LoginViewController.swift */; };
		5B6044E61D8B389400D7EAE9 /* Main.storyboard in Resources */ = {isa = PBXBuildFile; fileRef = 5B6044E41D8B389400D7EAE9 /* Main.storyboard */; };
		5B6044E81D8B389400D7EAE9 /* Assets.xcassets in Resources */ = {isa = PBXBuildFile; fileRef = 5B6044E71D8B389400D7EAE9 /* Assets.xcassets */; };
		5B6044EB1D8B389400D7EAE9 /* LaunchScreen.storyboard in Resources */ = {isa = PBXBuildFile; fileRef = 5B6044E91D8B389400D7EAE9 /* LaunchScreen.storyboard */; };
		5B6045061D8F0A1800D7EAE9 /* RegisterViewController.swift in Sources */ = {isa = PBXBuildFile; fileRef = 5B6045051D8F0A1800D7EAE9 /* RegisterViewController.swift */; };
/* End PBXBuildFile section */

/* Begin PBXFileReference section */
		2AC6DB38FEC27314E1EC5CDA /* Pods-Citi.release.xcconfig */ = {isa = PBXFileReference; includeInIndex = 1; lastKnownFileType = text.xcconfig; name = "Pods-Citi.release.xcconfig"; path = "Pods/Target Support Files/Pods-Citi/Pods-Citi.release.xcconfig"; sourceTree = "<group>"; };
		47BBB57C9ED56E7906FB1EA3 /* Pods_Citi.framework */ = {isa = PBXFileReference; explicitFileType = wrapper.framework; includeInIndex = 0; path = Pods_Citi.framework; sourceTree = BUILT_PRODUCTS_DIR; };
		54EA3CC7BC88EC25D437F736 /* Pods-Citi.debug.xcconfig */ = {isa = PBXFileReference; includeInIndex = 1; lastKnownFileType = text.xcconfig; name = "Pods-Citi.debug.xcconfig"; path = "Pods/Target Support Files/Pods-Citi/Pods-Citi.debug.xcconfig"; sourceTree = "<group>"; };
		5B6044DD1D8B389400D7EAE9 /* Citi.app */ = {isa = PBXFileReference; explicitFileType = wrapper.application; includeInIndex = 0; path = Citi.app; sourceTree = BUILT_PRODUCTS_DIR; };
		5B6044E01D8B389400D7EAE9 /* AppDelegate.swift */ = {isa = PBXFileReference; lastKnownFileType = sourcecode.swift; path = AppDelegate.swift; sourceTree = "<group>"; };
		5B6044E21D8B389400D7EAE9 /* LoginViewController.swift */ = {isa = PBXFileReference; lastKnownFileType = sourcecode.swift; path = LoginViewController.swift; sourceTree = "<group>"; };
		5B6044E51D8B389400D7EAE9 /* Base */ = {isa = PBXFileReference; lastKnownFileType = file.storyboard; name = Base; path = Base.lproj/Main.storyboard; sourceTree = "<group>"; };
		5B6044E71D8B389400D7EAE9 /* Assets.xcassets */ = {isa = PBXFileReference; lastKnownFileType = folder.assetcatalog; path = Assets.xcassets; sourceTree = "<group>"; };
		5B6044EA1D8B389400D7EAE9 /* Base */ = {isa = PBXFileReference; lastKnownFileType = file.storyboard; name = Base; path = Base.lproj/LaunchScreen.storyboard; sourceTree = "<group>"; };
		5B6044EC1D8B389400D7EAE9 /* Info.plist */ = {isa = PBXFileReference; lastKnownFileType = text.plist.xml; path = Info.plist; sourceTree = "<group>"; };
		5B6045051D8F0A1800D7EAE9 /* RegisterViewController.swift */ = {isa = PBXFileReference; fileEncoding = 4; lastKnownFileType = sourcecode.swift; path = RegisterViewController.swift; sourceTree = "<group>"; };
/* End PBXFileReference section */

/* Begin PBXFrameworksBuildPhase section */
		5B6044DA1D8B389400D7EAE9 /* Frameworks */ = {
			isa = PBXFrameworksBuildPhase;
			buildActionMask = 2147483647;
			files = (
				0C13FA61269A7B1709209401 /* Pods_Citi.framework in Frameworks */,
			);
			runOnlyForDeploymentPostprocessing = 0;
		};
/* End PBXFrameworksBuildPhase section */

/* Begin PBXGroup section */
		358269FE33E869E53B2219E3 /* Frameworks */ = {
			isa = PBXGroup;
			children = (
				47BBB57C9ED56E7906FB1EA3 /* Pods_Citi.framework */,
			);
			name = Frameworks;
			sourceTree = "<group>";
		};
		5B6044D41D8B389400D7EAE9 = {
			isa = PBXGroup;
			children = (
				5B6044DF1D8B389400D7EAE9 /* Citi */,
				5B6044DE1D8B389400D7EAE9 /* Products */,
				D001C2A0AC375AA537283B1C /* Pods */,
				358269FE33E869E53B2219E3 /* Frameworks */,
			);
			sourceTree = "<group>";
		};
		5B6044DE1D8B389400D7EAE9 /* Products */ = {
			isa = PBXGroup;
			children = (
				5B6044DD1D8B389400D7EAE9 /* Citi.app */,
			);
			name = Products;
			sourceTree = "<group>";
		};
		5B6044DF1D8B389400D7EAE9 /* Citi */ = {
			isa = PBXGroup;
			children = (
				5B6045071D8F0A2700D7EAE9 /* ViewControllers */,
				5B6044E01D8B389400D7EAE9 /* AppDelegate.swift */,
				5B6044E41D8B389400D7EAE9 /* Main.storyboard */,
				5B6044E71D8B389400D7EAE9 /* Assets.xcassets */,
				5B6044E91D8B389400D7EAE9 /* LaunchScreen.storyboard */,
				5B6044EC1D8B389400D7EAE9 /* Info.plist */,
			);
			path = Citi;
			sourceTree = "<group>";
		};
		5B6045071D8F0A2700D7EAE9 /* ViewControllers */ = {
			isa = PBXGroup;
			children = (
				5B6044E21D8B389400D7EAE9 /* LoginViewController.swift */,
				5B6045051D8F0A1800D7EAE9 /* RegisterViewController.swift */,
			);
			name = ViewControllers;
			sourceTree = "<group>";
		};
		D001C2A0AC375AA537283B1C /* Pods */ = {
			isa = PBXGroup;
			children = (
				54EA3CC7BC88EC25D437F736 /* Pods-Citi.debug.xcconfig */,
				2AC6DB38FEC27314E1EC5CDA /* Pods-Citi.release.xcconfig */,
			);
			name = Pods;
			sourceTree = "<group>";
		};
/* End PBXGroup section */

/* Begin PBXNativeTarget section */
		5B6044DC1D8B389400D7EAE9 /* Citi */ = {
			isa = PBXNativeTarget;
			buildConfigurationList = 5B6044EF1D8B389400D7EAE9 /* Build configuration list for PBXNativeTarget "Citi" */;
			buildPhases = (
				6D16C3BF198004B8F9631F13 /* Check Pods Manifest.lock */,
				5B6044D91D8B389400D7EAE9 /* Sources */,
				5B6044DA1D8B389400D7EAE9 /* Frameworks */,
				5B6044DB1D8B389400D7EAE9 /* Resources */,
				78B709E867663B0D2300E859 /* Embed Pods Frameworks */,
				EB3900252276556CC9EA2386 /* Copy Pods Resources */,
			);
			buildRules = (
			);
			dependencies = (
			);
			name = Citi;
			productName = Citi;
			productReference = 5B6044DD1D8B389400D7EAE9 /* Citi.app */;
			productType = "com.apple.product-type.application";
		};
/* End PBXNativeTarget section */

/* Begin PBXProject section */
		5B6044D51D8B389400D7EAE9 /* Project object */ = {
			isa = PBXProject;
			attributes = {
				LastSwiftUpdateCheck = 0800;
				LastUpgradeCheck = 0800;
				ORGANIZATIONNAME = Citi;
				TargetAttributes = {
					5B6044DC1D8B389400D7EAE9 = {
						CreatedOnToolsVersion = 8.0;
						DevelopmentTeam = 4MR49B8559;
						LastSwiftMigration = 0800;
						ProvisioningStyle = Automatic;
					};
				};
			};
			buildConfigurationList = 5B6044D81D8B389400D7EAE9 /* Build configuration list for PBXProject "Citi" */;
			compatibilityVersion = "Xcode 3.2";
			developmentRegion = English;
			hasScannedForEncodings = 0;
			knownRegions = (
				en,
				Base,
			);
			mainGroup = 5B6044D41D8B389400D7EAE9;
			productRefGroup = 5B6044DE1D8B389400D7EAE9 /* Products */;
			projectDirPath = "";
			projectRoot = "";
			targets = (
				5B6044DC1D8B389400D7EAE9 /* Citi */,
			);
		};
/* End PBXProject section */

/* Begin PBXResourcesBuildPhase section */
		5B6044DB1D8B389400D7EAE9 /* Resources */ = {
			isa = PBXResourcesBuildPhase;
			buildActionMask = 2147483647;
			files = (
				5B6044EB1D8B389400D7EAE9 /* LaunchScreen.storyboard in Resources */,
				5B6044E81D8B389400D7EAE9 /* Assets.xcassets in Resources */,
				5B6044E61D8B389400D7EAE9 /* Main.storyboard in Resources */,
			);
			runOnlyForDeploymentPostprocessing = 0;
		};
/* End PBXResourcesBuildPhase section */

/* Begin PBXShellScriptBuildPhase section */
		6D16C3BF198004B8F9631F13 /* Check Pods Manifest.lock */ = {
			isa = PBXShellScriptBuildPhase;
			buildActionMask = 2147483647;
			files = (
			);
			inputPaths = (
			);
			name = "Check Pods Manifest.lock";
			outputPaths = (
			);
			runOnlyForDeploymentPostprocessing = 0;
			shellPath = /bin/sh;
			shellScript = "diff \"${PODS_ROOT}/../Podfile.lock\" \"${PODS_ROOT}/Manifest.lock\" > /dev/null\nif [[ $? != 0 ]] ; then\n    cat << EOM\nerror: The sandbox is not in sync with the Podfile.lock. Run 'pod install' or update your CocoaPods installation.\nEOM\n    exit 1\nfi\n";
			showEnvVarsInLog = 0;
		};
		78B709E867663B0D2300E859 /* Embed Pods Frameworks */ = {
			isa = PBXShellScriptBuildPhase;
			buildActionMask = 2147483647;
			files = (
			);
			inputPaths = (
			);
			name = "Embed Pods Frameworks";
			outputPaths = (
			);
			runOnlyForDeploymentPostprocessing = 0;
			shellPath = /bin/sh;
			shellScript = "\"${SRCROOT}/Pods/Target Support Files/Pods-Citi/Pods-Citi-frameworks.sh\"\n";
			showEnvVarsInLog = 0;
		};
		EB3900252276556CC9EA2386 /* Copy Pods Resources */ = {
			isa = PBXShellScriptBuildPhase;
			buildActionMask = 2147483647;
			files = (
			);
			inputPaths = (
			);
			name = "Copy Pods Resources";
			outputPaths = (
			);
			runOnlyForDeploymentPostprocessing = 0;
			shellPath = /bin/sh;
			shellScript = "\"${SRCROOT}/Pods/Target Support Files/Pods-Citi/Pods-Citi-resources.sh\"\n";
			showEnvVarsInLog = 0;
		};
/* End PBXShellScriptBuildPhase section */

/* Begin PBXSourcesBuildPhase section */
		5B6044D91D8B389400D7EAE9 /* Sources */ = {
			isa = PBXSourcesBuildPhase;
			buildActionMask = 2147483647;
			files = (
				5B6045061D8F0A1800D7EAE9 /* RegisterViewController.swift in Sources */,
				5B6044E31D8B389400D7EAE9 /* LoginViewController.swift in Sources */,
				5B6044E11D8B389400D7EAE9 /* AppDelegate.swift in Sources */,
			);
			runOnlyForDeploymentPostprocessing = 0;
		};
/* End PBXSourcesBuildPhase section */

/* Begin PBXVariantGroup section */
		5B6044E41D8B389400D7EAE9 /* Main.storyboard */ = {
			isa = PBXVariantGroup;
			children = (
				5B6044E51D8B389400D7EAE9 /* Base */,
			);
			name = Main.storyboard;
			sourceTree = "<group>";
		};
		5B6044E91D8B389400D7EAE9 /* LaunchScreen.storyboard */ = {
			isa = PBXVariantGroup;
			children = (
				5B6044EA1D8B389400D7EAE9 /* Base */,
			);
			name = LaunchScreen.storyboard;
			sourceTree = "<group>";
		};
/* End PBXVariantGroup section */

/* Begin XCBuildConfiguration section */
		5B6044ED1D8B389400D7EAE9 /* Debug */ = {
			isa = XCBuildConfiguration;
			buildSettings = {
				ALWAYS_SEARCH_USER_PATHS = NO;
				CLANG_ANALYZER_NONNULL = YES;
				CLANG_CXX_LANGUAGE_STANDARD = "gnu++0x";
				CLANG_CXX_LIBRARY = "libc++";
				CLANG_ENABLE_MODULES = YES;
				CLANG_ENABLE_OBJC_ARC = YES;
				CLANG_WARN_BOOL_CONVERSION = YES;
				CLANG_WARN_CONSTANT_CONVERSION = YES;
				CLANG_WARN_DIRECT_OBJC_ISA_USAGE = YES_ERROR;
				CLANG_WARN_DOCUMENTATION_COMMENTS = YES;
				CLANG_WARN_EMPTY_BODY = YES;
				CLANG_WARN_ENUM_CONVERSION = YES;
				CLANG_WARN_INFINITE_RECURSION = YES;
				CLANG_WARN_INT_CONVERSION = YES;
				CLANG_WARN_OBJC_ROOT_CLASS = YES_ERROR;
				CLANG_WARN_SUSPICIOUS_MOVE = YES;
				CLANG_WARN_SUSPICIOUS_MOVES = YES;
				CLANG_WARN_UNREACHABLE_CODE = YES;
				CLANG_WARN__DUPLICATE_METHOD_MATCH = YES;
				"CODE_SIGN_IDENTITY[sdk=iphoneos*]" = "iPhone Developer";
				COPY_PHASE_STRIP = NO;
				DEBUG_INFORMATION_FORMAT = dwarf;
				ENABLE_STRICT_OBJC_MSGSEND = YES;
				ENABLE_TESTABILITY = YES;
				GCC_C_LANGUAGE_STANDARD = gnu99;
				GCC_DYNAMIC_NO_PIC = NO;
				GCC_NO_COMMON_BLOCKS = YES;
				GCC_OPTIMIZATION_LEVEL = 0;
				GCC_PREPROCESSOR_DEFINITIONS = (
					"DEBUG=1",
					"$(inherited)",
				);
				GCC_WARN_64_TO_32_BIT_CONVERSION = YES;
				GCC_WARN_ABOUT_RETURN_TYPE = YES_ERROR;
				GCC_WARN_UNDECLARED_SELECTOR = YES;
				GCC_WARN_UNINITIALIZED_AUTOS = YES_AGGRESSIVE;
				GCC_WARN_UNUSED_FUNCTION = YES;
				GCC_WARN_UNUSED_VARIABLE = YES;
				IPHONEOS_DEPLOYMENT_TARGET = 10.0;
				MTL_ENABLE_DEBUG_INFO = YES;
				ONLY_ACTIVE_ARCH = YES;
				SDKROOT = iphoneos;
				SWIFT_ACTIVE_COMPILATION_CONDITIONS = DEBUG;
				SWIFT_OPTIMIZATION_LEVEL = "-Onone";
			};
			name = Debug;
		};
		5B6044EE1D8B389400D7EAE9 /* Release */ = {
			isa = XCBuildConfiguration;
			buildSettings = {
				ALWAYS_SEARCH_USER_PATHS = NO;
				CLANG_ANALYZER_NONNULL = YES;
				CLANG_CXX_LANGUAGE_STANDARD = "gnu++0x";
				CLANG_CXX_LIBRARY = "libc++";
				CLANG_ENABLE_MODULES = YES;
				CLANG_ENABLE_OBJC_ARC = YES;
				CLANG_WARN_BOOL_CONVERSION = YES;
				CLANG_WARN_CONSTANT_CONVERSION = YES;
				CLANG_WARN_DIRECT_OBJC_ISA_USAGE = YES_ERROR;
				CLANG_WARN_DOCUMENTATION_COMMENTS = YES;
				CLANG_WARN_EMPTY_BODY = YES;
				CLANG_WARN_ENUM_CONVERSION = YES;
				CLANG_WARN_INFINITE_RECURSION = YES;
				CLANG_WARN_INT_CONVERSION = YES;
				CLANG_WARN_OBJC_ROOT_CLASS = YES_ERROR;
				CLANG_WARN_SUSPICIOUS_MOVE = YES;
				CLANG_WARN_SUSPICIOUS_MOVES = YES;
				CLANG_WARN_UNREACHABLE_CODE = YES;
				CLANG_WARN__DUPLICATE_METHOD_MATCH = YES;
				"CODE_SIGN_IDENTITY[sdk=iphoneos*]" = "iPhone Developer";
				COPY_PHASE_STRIP = NO;
				DEBUG_INFORMATION_FORMAT = "dwarf-with-dsym";
				ENABLE_NS_ASSERTIONS = NO;
				ENABLE_STRICT_OBJC_MSGSEND = YES;
				GCC_C_LANGUAGE_STANDARD = gnu99;
				GCC_NO_COMMON_BLOCKS = YES;
				GCC_WARN_64_TO_32_BIT_CONVERSION = YES;
				GCC_WARN_ABOUT_RETURN_TYPE = YES_ERROR;
				GCC_WARN_UNDECLARED_SELECTOR = YES;
				GCC_WARN_UNINITIALIZED_AUTOS = YES_AGGRESSIVE;
				GCC_WARN_UNUSED_FUNCTION = YES;
				GCC_WARN_UNUSED_VARIABLE = YES;
				IPHONEOS_DEPLOYMENT_TARGET = 10.0;
				MTL_ENABLE_DEBUG_INFO = NO;
				SDKROOT = iphoneos;
				SWIFT_OPTIMIZATION_LEVEL = "-Owholemodule";
				VALIDATE_PRODUCT = YES;
			};
			name = Release;
		};
		5B6044F01D8B389400D7EAE9 /* Debug */ = {
			isa = XCBuildConfiguration;
			baseConfigurationReference = 54EA3CC7BC88EC25D437F736 /* Pods-Citi.debug.xcconfig */;
			buildSettings = {
				ALWAYS_EMBED_SWIFT_STANDARD_LIBRARIES = YES;
				ASSETCATALOG_COMPILER_APPICON_NAME = AppIcon;
				DEVELOPMENT_TEAM = 4MR49B8559;
				INFOPLIST_FILE = Citi/Info.plist;
				IPHONEOS_DEPLOYMENT_TARGET = 9.0;
				LD_RUNPATH_SEARCH_PATHS = "$(inherited) @executable_path/Frameworks";
				PRODUCT_BUNDLE_IDENTIFIER = com.cs490.Citi;
				PRODUCT_NAME = "$(TARGET_NAME)";
				SWIFT_VERSION = 3.0;
			};
			name = Debug;
		};
		5B6044F11D8B389400D7EAE9 /* Release */ = {
			isa = XCBuildConfiguration;
			baseConfigurationReference = 2AC6DB38FEC27314E1EC5CDA /* Pods-Citi.release.xcconfig */;
			buildSettings = {
				ALWAYS_EMBED_SWIFT_STANDARD_LIBRARIES = YES;
				ASSETCATALOG_COMPILER_APPICON_NAME = AppIcon;
				DEVELOPMENT_TEAM = 4MR49B8559;
				INFOPLIST_FILE = Citi/Info.plist;
				IPHONEOS_DEPLOYMENT_TARGET = 9.0;
				LD_RUNPATH_SEARCH_PATHS = "$(inherited) @executable_path/Frameworks";
				PRODUCT_BUNDLE_IDENTIFIER = com.cs490.Citi;
				PRODUCT_NAME = "$(TARGET_NAME)";
				SWIFT_VERSION = 3.0;
			};
			name = Release;
		};
/* End XCBuildConfiguration section */

/* Begin XCConfigurationList section */
		5B6044D81D8B389400D7EAE9 /* Build configuration list for PBXProject "Citi" */ = {
			isa = XCConfigurationList;
			buildConfigurations = (
				5B6044ED1D8B389400D7EAE9 /* Debug */,
				5B6044EE1D8B389400D7EAE9 /* Release */,
			);
			defaultConfigurationIsVisible = 0;
			defaultConfigurationName = Release;
		};
		5B6044EF1D8B389400D7EAE9 /* Build configuration list for PBXNativeTarget "Citi" */ = {
			isa = XCConfigurationList;
			buildConfigurations = (
				5B6044F01D8B389400D7EAE9 /* Debug */,
				5B6044F11D8B389400D7EAE9 /* Release */,
			);
			defaultConfigurationIsVisible = 0;
			defaultConfigurationName = Release;
		};
/* End XCConfigurationList section */
	};
	rootObject = 5B6044D51D8B389400D7EAE9 /* Project object */;
}
