// !$*UTF8*$!
{
	archiveVersion = 1;
	classes = {
	};
	objectVersion = 46;
	objects = {

/* Begin PBXBuildFile section */
		5377FCFB6A61DF37A2303345 /* Pods_Citi.framework in Frameworks */ = {isa = PBXBuildFile; fileRef = 68822A89C1F97C58D0170F67 /* Pods_Citi.framework */; };
		5B03A8391DA9366600928141 /* SignupEmailVerificationViewController.swift in Sources */ = {isa = PBXBuildFile; fileRef = 5B03A8381DA9366600928141 /* SignupEmailVerificationViewController.swift */; };
		5B1B3DBD1DA7481C00B7ECAF /* User.swift in Sources */ = {isa = PBXBuildFile; fileRef = 5B1B3DBC1DA7481C00B7ECAF /* User.swift */; };
		5B3119BB1DA3E96F00DCF408 /* Signup.storyboard in Resources */ = {isa = PBXBuildFile; fileRef = 5B3119B91DA3E96F00DCF408 /* Signup.storyboard */; };
		5B3119BD1DA3ECFF00DCF408 /* SignupEmailViewController.swift in Sources */ = {isa = PBXBuildFile; fileRef = 5B3119BC1DA3ECFF00DCF408 /* SignupEmailViewController.swift */; };
		5B3119C01DA3F34500DCF408 /* Map.storyboard in Resources */ = {isa = PBXBuildFile; fileRef = 5B3119BE1DA3F34500DCF408 /* Map.storyboard */; };
		5B3119C21DA3F3F900DCF408 /* SignupNameViewController.swift in Sources */ = {isa = PBXBuildFile; fileRef = 5B3119C11DA3F3F900DCF408 /* SignupNameViewController.swift */; };
		5B3119C41DA3F42300DCF408 /* SignupOptionViewController.swift in Sources */ = {isa = PBXBuildFile; fileRef = 5B3119C31DA3F42300DCF408 /* SignupOptionViewController.swift */; };
		5B3119C61DA3F45500DCF408 /* SignupProfileImageViewController.swift in Sources */ = {isa = PBXBuildFile; fileRef = 5B3119C51DA3F45500DCF408 /* SignupProfileImageViewController.swift */; };
		5B6044E11D8B389400D7EAE9 /* AppDelegate.swift in Sources */ = {isa = PBXBuildFile; fileRef = 5B6044E01D8B389400D7EAE9 /* AppDelegate.swift */; };
		5B6044E31D8B389400D7EAE9 /* LoginViewController.swift in Sources */ = {isa = PBXBuildFile; fileRef = 5B6044E21D8B389400D7EAE9 /* LoginViewController.swift */; };
		5B6044E61D8B389400D7EAE9 /* Main.storyboard in Resources */ = {isa = PBXBuildFile; fileRef = 5B6044E41D8B389400D7EAE9 /* Main.storyboard */; };
		5B6044E81D8B389400D7EAE9 /* Assets.xcassets in Resources */ = {isa = PBXBuildFile; fileRef = 5B6044E71D8B389400D7EAE9 /* Assets.xcassets */; };
		5B6044EB1D8B389400D7EAE9 /* LaunchScreen.storyboard in Resources */ = {isa = PBXBuildFile; fileRef = 5B6044E91D8B389400D7EAE9 /* LaunchScreen.storyboard */; };
		5B87816B1DB066B500F61246 /* TourGuideControlPaneView.xib in Resources */ = {isa = PBXBuildFile; fileRef = 5B87816A1DB066B500F61246 /* TourGuideControlPaneView.xib */; };
		5B87816D1DB066FD00F61246 /* TourGuideControlPaneView.swift in Sources */ = {isa = PBXBuildFile; fileRef = 5B87816C1DB066FD00F61246 /* TourGuideControlPaneView.swift */; };
		5BD1D3801DCAE3A2003AD47C /* TourGuideMap.storyboard in Resources */ = {isa = PBXBuildFile; fileRef = 5BD1D37C1DCAE3A2003AD47C /* TourGuideMap.storyboard */; };
		5BD1D3811DCAE3A2003AD47C /* TourGuideMapViewController.swift in Sources */ = {isa = PBXBuildFile; fileRef = 5BD1D37D1DCAE3A2003AD47C /* TourGuideMapViewController.swift */; };
		5BD1D3821DCAE3A2003AD47C /* DriverMap.storyboard in Resources */ = {isa = PBXBuildFile; fileRef = 5BD1D37E1DCAE3A2003AD47C /* DriverMap.storyboard */; };
		5BD1D3831DCAE3A2003AD47C /* SignupTourGuidePreferenceViewController.swift in Sources */ = {isa = PBXBuildFile; fileRef = 5BD1D37F1DCAE3A2003AD47C /* SignupTourGuidePreferenceViewController.swift */; };
		5BF7DE681DCBBF52004F9B0C /* TourGuide.swift in Sources */ = {isa = PBXBuildFile; fileRef = 5BF7DE671DCBBF52004F9B0C /* TourGuide.swift */; };
		85263F991DF8E4F40065078E /* DPManipulator.swift in Sources */ = {isa = PBXBuildFile; fileRef = 85263F981DF8E4F40065078E /* DPManipulator.swift */; };
		85AE77521DDF853B003E1EF2 /* CustomMarker.swift in Sources */ = {isa = PBXBuildFile; fileRef = 85AE77511DDF853B003E1EF2 /* CustomMarker.swift */; };
		85C940271DDBF2A0003D657F /* CustomMarker.xib in Resources */ = {isa = PBXBuildFile; fileRef = 85C940261DDBF2A0003D657F /* CustomMarker.xib */; };
		85E340D81DE00BB100AE7FD8 /* UIView Ext.swift in Sources */ = {isa = PBXBuildFile; fileRef = 85E340D71DE00BB100AE7FD8 /* UIView Ext.swift */; };
		85E341251DE0D61C00AE7FD8 /* GQTPointQuadTreeChild.m in Sources */ = {isa = PBXBuildFile; fileRef = 85E341061DE0D61C00AE7FD8 /* GQTPointQuadTreeChild.m */; };
		85E341261DE0D61C00AE7FD8 /* GQTPointQuadTree.m in Sources */ = {isa = PBXBuildFile; fileRef = 85E341081DE0D61C00AE7FD8 /* GQTPointQuadTree.m */; };
		85E341271DE0D61C00AE7FD8 /* GMUDefaultClusterRenderer.m in Sources */ = {isa = PBXBuildFile; fileRef = 85E3410D1DE0D61C00AE7FD8 /* GMUDefaultClusterRenderer.m */; };
		85E341281DE0D61C00AE7FD8 /* GMUDefaultClusterIconGenerator.m in Sources */ = {isa = PBXBuildFile; fileRef = 85E341101DE0D61C00AE7FD8 /* GMUDefaultClusterIconGenerator.m */; };
		85E341291DE0D61C00AE7FD8 /* GMUStaticCluster.m in Sources */ = {isa = PBXBuildFile; fileRef = 85E341141DE0D61C00AE7FD8 /* GMUStaticCluster.m */; };
		85E3412A1DE0D61C00AE7FD8 /* GMUClusterManager.m in Sources */ = {isa = PBXBuildFile; fileRef = 85E341181DE0D61C00AE7FD8 /* GMUClusterManager.m */; };
		85E3412B1DE0D61C00AE7FD8 /* GMUWrappingDictionaryKey.m in Sources */ = {isa = PBXBuildFile; fileRef = 85E3411C1DE0D61C00AE7FD8 /* GMUWrappingDictionaryKey.m */; };
		85E3412C1DE0D61C00AE7FD8 /* GMUSimpleClusterAlgorithm.m in Sources */ = {isa = PBXBuildFile; fileRef = 85E3411E1DE0D61C00AE7FD8 /* GMUSimpleClusterAlgorithm.m */; };
		85E3412D1DE0D61C00AE7FD8 /* GMUNonHierarchicalDistanceBasedAlgorithm.m in Sources */ = {isa = PBXBuildFile; fileRef = 85E341201DE0D61C00AE7FD8 /* GMUNonHierarchicalDistanceBasedAlgorithm.m */; };
		85E3412E1DE0D61C00AE7FD8 /* GMUGridBasedClusterAlgorithm.m in Sources */ = {isa = PBXBuildFile; fileRef = 85E341221DE0D61C00AE7FD8 /* GMUGridBasedClusterAlgorithm.m */; };
		85E341311DE0DB0500AE7FD8 /* POIItem.swift in Sources */ = {isa = PBXBuildFile; fileRef = 85E341301DE0DB0500AE7FD8 /* POIItem.swift */; };
		D655EFAC1DA728CC002C9D91 /* MapViewController.swift in Sources */ = {isa = PBXBuildFile; fileRef = D655EFAB1DA728CC002C9D91 /* MapViewController.swift */; };
/* End PBXBuildFile section */

/* Begin PBXFileReference section */
		20EE182AAEF7BE068B4B8FA8 /* Pods-Citi.release.xcconfig */ = {isa = PBXFileReference; includeInIndex = 1; lastKnownFileType = text.xcconfig; name = "Pods-Citi.release.xcconfig"; path = "Pods/Target Support Files/Pods-Citi/Pods-Citi.release.xcconfig"; sourceTree = "<group>"; };
		5B03A8381DA9366600928141 /* SignupEmailVerificationViewController.swift */ = {isa = PBXFileReference; fileEncoding = 4; lastKnownFileType = sourcecode.swift; path = SignupEmailVerificationViewController.swift; sourceTree = "<group>"; };
		5B1B3DBC1DA7481C00B7ECAF /* User.swift */ = {isa = PBXFileReference; fileEncoding = 4; lastKnownFileType = sourcecode.swift; path = User.swift; sourceTree = "<group>"; };
		5B3119BA1DA3E96F00DCF408 /* Base */ = {isa = PBXFileReference; lastKnownFileType = file.storyboard; name = Base; path = Base.lproj/Signup.storyboard; sourceTree = "<group>"; };
		5B3119BC1DA3ECFF00DCF408 /* SignupEmailViewController.swift */ = {isa = PBXFileReference; fileEncoding = 4; lastKnownFileType = sourcecode.swift; path = SignupEmailViewController.swift; sourceTree = "<group>"; };
		5B3119BF1DA3F34500DCF408 /* Base */ = {isa = PBXFileReference; lastKnownFileType = file.storyboard; name = Base; path = Base.lproj/Map.storyboard; sourceTree = "<group>"; };
		5B3119C11DA3F3F900DCF408 /* SignupNameViewController.swift */ = {isa = PBXFileReference; fileEncoding = 4; lastKnownFileType = sourcecode.swift; path = SignupNameViewController.swift; sourceTree = "<group>"; };
		5B3119C31DA3F42300DCF408 /* SignupOptionViewController.swift */ = {isa = PBXFileReference; fileEncoding = 4; lastKnownFileType = sourcecode.swift; path = SignupOptionViewController.swift; sourceTree = "<group>"; };
		5B3119C51DA3F45500DCF408 /* SignupProfileImageViewController.swift */ = {isa = PBXFileReference; fileEncoding = 4; lastKnownFileType = sourcecode.swift; path = SignupProfileImageViewController.swift; sourceTree = "<group>"; };
		5B6044DD1D8B389400D7EAE9 /* Citi.app */ = {isa = PBXFileReference; explicitFileType = wrapper.application; includeInIndex = 0; path = Citi.app; sourceTree = BUILT_PRODUCTS_DIR; };
		5B6044E01D8B389400D7EAE9 /* AppDelegate.swift */ = {isa = PBXFileReference; lastKnownFileType = sourcecode.swift; path = AppDelegate.swift; sourceTree = "<group>"; };
		5B6044E21D8B389400D7EAE9 /* LoginViewController.swift */ = {isa = PBXFileReference; lastKnownFileType = sourcecode.swift; path = LoginViewController.swift; sourceTree = "<group>"; };
		5B6044E51D8B389400D7EAE9 /* Base */ = {isa = PBXFileReference; lastKnownFileType = file.storyboard; name = Base; path = Base.lproj/Main.storyboard; sourceTree = "<group>"; };
		5B6044E71D8B389400D7EAE9 /* Assets.xcassets */ = {isa = PBXFileReference; lastKnownFileType = folder.assetcatalog; path = Assets.xcassets; sourceTree = "<group>"; };
		5B6044EA1D8B389400D7EAE9 /* Base */ = {isa = PBXFileReference; lastKnownFileType = file.storyboard; name = Base; path = Base.lproj/LaunchScreen.storyboard; sourceTree = "<group>"; };
		5B6044EC1D8B389400D7EAE9 /* Info.plist */ = {isa = PBXFileReference; lastKnownFileType = text.plist.xml; path = Info.plist; sourceTree = "<group>"; };
		5B87816A1DB066B500F61246 /* TourGuideControlPaneView.xib */ = {isa = PBXFileReference; fileEncoding = 4; lastKnownFileType = file.xib; path = TourGuideControlPaneView.xib; sourceTree = "<group>"; };
		5B87816C1DB066FD00F61246 /* TourGuideControlPaneView.swift */ = {isa = PBXFileReference; fileEncoding = 4; lastKnownFileType = sourcecode.swift; path = TourGuideControlPaneView.swift; sourceTree = "<group>"; };
		5BD1D37C1DCAE3A2003AD47C /* TourGuideMap.storyboard */ = {isa = PBXFileReference; fileEncoding = 4; lastKnownFileType = file.storyboard; path = TourGuideMap.storyboard; sourceTree = "<group>"; };
		5BD1D37D1DCAE3A2003AD47C /* TourGuideMapViewController.swift */ = {isa = PBXFileReference; fileEncoding = 4; lastKnownFileType = sourcecode.swift; path = TourGuideMapViewController.swift; sourceTree = "<group>"; };
		5BD1D37E1DCAE3A2003AD47C /* DriverMap.storyboard */ = {isa = PBXFileReference; fileEncoding = 4; lastKnownFileType = file.storyboard; path = DriverMap.storyboard; sourceTree = "<group>"; };
		5BD1D37F1DCAE3A2003AD47C /* SignupTourGuidePreferenceViewController.swift */ = {isa = PBXFileReference; fileEncoding = 4; lastKnownFileType = sourcecode.swift; path = SignupTourGuidePreferenceViewController.swift; sourceTree = "<group>"; };
		5BF7DE671DCBBF52004F9B0C /* TourGuide.swift */ = {isa = PBXFileReference; fileEncoding = 4; lastKnownFileType = sourcecode.swift; path = TourGuide.swift; sourceTree = "<group>"; };
		60C5FB7F09930B5F9E9E0EED /* Pods-Citi.debug.xcconfig */ = {isa = PBXFileReference; includeInIndex = 1; lastKnownFileType = text.xcconfig; name = "Pods-Citi.debug.xcconfig"; path = "Pods/Target Support Files/Pods-Citi/Pods-Citi.debug.xcconfig"; sourceTree = "<group>"; };
		68822A89C1F97C58D0170F67 /* Pods_Citi.framework */ = {isa = PBXFileReference; explicitFileType = wrapper.framework; includeInIndex = 0; path = Pods_Citi.framework; sourceTree = BUILT_PRODUCTS_DIR; };
		85263F981DF8E4F40065078E /* DPManipulator.swift */ = {isa = PBXFileReference; fileEncoding = 4; lastKnownFileType = sourcecode.swift; path = DPManipulator.swift; sourceTree = "<group>"; };
		85AE77511DDF853B003E1EF2 /* CustomMarker.swift */ = {isa = PBXFileReference; fileEncoding = 4; lastKnownFileType = sourcecode.swift; path = CustomMarker.swift; sourceTree = "<group>"; };
		85C940261DDBF2A0003D657F /* CustomMarker.xib */ = {isa = PBXFileReference; fileEncoding = 4; lastKnownFileType = file.xib; path = CustomMarker.xib; sourceTree = "<group>"; };
		85E340D71DE00BB100AE7FD8 /* UIView Ext.swift */ = {isa = PBXFileReference; fileEncoding = 4; lastKnownFileType = sourcecode.swift; path = "UIView Ext.swift"; sourceTree = "<group>"; };
		85E341041DE0D61C00AE7FD8 /* Citi-Bridging-Header.h */ = {isa = PBXFileReference; lastKnownFileType = sourcecode.c.h; path = "Citi-Bridging-Header.h"; sourceTree = "<group>"; };
		85E341051DE0D61C00AE7FD8 /* GQTPointQuadTreeItem.h */ = {isa = PBXFileReference; fileEncoding = 4; lastKnownFileType = sourcecode.c.h; name = GQTPointQuadTreeItem.h; path = "google-maps-ios-utils-master/src/QuadTree/GQTPointQuadTreeItem.h"; sourceTree = "<group>"; };
		85E341061DE0D61C00AE7FD8 /* GQTPointQuadTreeChild.m */ = {isa = PBXFileReference; fileEncoding = 4; lastKnownFileType = sourcecode.c.objc; name = GQTPointQuadTreeChild.m; path = "google-maps-ios-utils-master/src/QuadTree/GQTPointQuadTreeChild.m"; sourceTree = "<group>"; };
		85E341071DE0D61C00AE7FD8 /* GQTPointQuadTreeChild.h */ = {isa = PBXFileReference; fileEncoding = 4; lastKnownFileType = sourcecode.c.h; name = GQTPointQuadTreeChild.h; path = "google-maps-ios-utils-master/src/QuadTree/GQTPointQuadTreeChild.h"; sourceTree = "<group>"; };
		85E341081DE0D61C00AE7FD8 /* GQTPointQuadTree.m */ = {isa = PBXFileReference; fileEncoding = 4; lastKnownFileType = sourcecode.c.objc; name = GQTPointQuadTree.m; path = "google-maps-ios-utils-master/src/QuadTree/GQTPointQuadTree.m"; sourceTree = "<group>"; };
		85E341091DE0D61C00AE7FD8 /* GQTPointQuadTree.h */ = {isa = PBXFileReference; fileEncoding = 4; lastKnownFileType = sourcecode.c.h; name = GQTPointQuadTree.h; path = "google-maps-ios-utils-master/src/QuadTree/GQTPointQuadTree.h"; sourceTree = "<group>"; };
		85E3410A1DE0D61C00AE7FD8 /* GQTPoint.h */ = {isa = PBXFileReference; fileEncoding = 4; lastKnownFileType = sourcecode.c.h; name = GQTPoint.h; path = "google-maps-ios-utils-master/src/QuadTree/GQTPoint.h"; sourceTree = "<group>"; };
		85E3410B1DE0D61C00AE7FD8 /* GQTBounds.h */ = {isa = PBXFileReference; fileEncoding = 4; lastKnownFileType = sourcecode.c.h; name = GQTBounds.h; path = "google-maps-ios-utils-master/src/QuadTree/GQTBounds.h"; sourceTree = "<group>"; };
		85E3410C1DE0D61C00AE7FD8 /* GMUDefaultClusterRenderer+Testing.h */ = {isa = PBXFileReference; fileEncoding = 4; lastKnownFileType = sourcecode.c.h; name = "GMUDefaultClusterRenderer+Testing.h"; path = "google-maps-ios-utils-master/src/Clustering/View/GMUDefaultClusterRenderer+Testing.h"; sourceTree = "<group>"; };
		85E3410D1DE0D61C00AE7FD8 /* GMUDefaultClusterRenderer.m */ = {isa = PBXFileReference; fileEncoding = 4; lastKnownFileType = sourcecode.c.objc; name = GMUDefaultClusterRenderer.m; path = "google-maps-ios-utils-master/src/Clustering/View/GMUDefaultClusterRenderer.m"; sourceTree = "<group>"; };
		85E3410E1DE0D61C00AE7FD8 /* GMUDefaultClusterRenderer.h */ = {isa = PBXFileReference; fileEncoding = 4; lastKnownFileType = sourcecode.c.h; name = GMUDefaultClusterRenderer.h; path = "google-maps-ios-utils-master/src/Clustering/View/GMUDefaultClusterRenderer.h"; sourceTree = "<group>"; };
		85E3410F1DE0D61C00AE7FD8 /* GMUDefaultClusterIconGenerator+Testing.h */ = {isa = PBXFileReference; fileEncoding = 4; lastKnownFileType = sourcecode.c.h; name = "GMUDefaultClusterIconGenerator+Testing.h"; path = "google-maps-ios-utils-master/src/Clustering/View/GMUDefaultClusterIconGenerator+Testing.h"; sourceTree = "<group>"; };
		85E341101DE0D61C00AE7FD8 /* GMUDefaultClusterIconGenerator.m */ = {isa = PBXFileReference; fileEncoding = 4; lastKnownFileType = sourcecode.c.objc; name = GMUDefaultClusterIconGenerator.m; path = "google-maps-ios-utils-master/src/Clustering/View/GMUDefaultClusterIconGenerator.m"; sourceTree = "<group>"; };
		85E341111DE0D61C00AE7FD8 /* GMUDefaultClusterIconGenerator.h */ = {isa = PBXFileReference; fileEncoding = 4; lastKnownFileType = sourcecode.c.h; name = GMUDefaultClusterIconGenerator.h; path = "google-maps-ios-utils-master/src/Clustering/View/GMUDefaultClusterIconGenerator.h"; sourceTree = "<group>"; };
		85E341121DE0D61C00AE7FD8 /* GMUClusterRenderer.h */ = {isa = PBXFileReference; fileEncoding = 4; lastKnownFileType = sourcecode.c.h; name = GMUClusterRenderer.h; path = "google-maps-ios-utils-master/src/Clustering/View/GMUClusterRenderer.h"; sourceTree = "<group>"; };
		85E341131DE0D61C00AE7FD8 /* GMUClusterIconGenerator.h */ = {isa = PBXFileReference; fileEncoding = 4; lastKnownFileType = sourcecode.c.h; name = GMUClusterIconGenerator.h; path = "google-maps-ios-utils-master/src/Clustering/View/GMUClusterIconGenerator.h"; sourceTree = "<group>"; };
		85E341141DE0D61C00AE7FD8 /* GMUStaticCluster.m */ = {isa = PBXFileReference; fileEncoding = 4; lastKnownFileType = sourcecode.c.objc; name = GMUStaticCluster.m; path = "google-maps-ios-utils-master/src/Clustering/GMUStaticCluster.m"; sourceTree = "<group>"; };
		85E341151DE0D61C00AE7FD8 /* GMUStaticCluster.h */ = {isa = PBXFileReference; fileEncoding = 4; lastKnownFileType = sourcecode.c.h; name = GMUStaticCluster.h; path = "google-maps-ios-utils-master/src/Clustering/GMUStaticCluster.h"; sourceTree = "<group>"; };
		85E341161DE0D61C00AE7FD8 /* GMUMarkerClustering.h */ = {isa = PBXFileReference; fileEncoding = 4; lastKnownFileType = sourcecode.c.h; name = GMUMarkerClustering.h; path = "google-maps-ios-utils-master/src/Clustering/GMUMarkerClustering.h"; sourceTree = "<group>"; };
		85E341171DE0D61C00AE7FD8 /* GMUClusterManager+Testing.h */ = {isa = PBXFileReference; fileEncoding = 4; lastKnownFileType = sourcecode.c.h; name = "GMUClusterManager+Testing.h"; path = "google-maps-ios-utils-master/src/Clustering/GMUClusterManager+Testing.h"; sourceTree = "<group>"; };
		85E341181DE0D61C00AE7FD8 /* GMUClusterManager.m */ = {isa = PBXFileReference; fileEncoding = 4; lastKnownFileType = sourcecode.c.objc; name = GMUClusterManager.m; path = "google-maps-ios-utils-master/src/Clustering/GMUClusterManager.m"; sourceTree = "<group>"; };
		85E341191DE0D61C00AE7FD8 /* GMUClusterManager.h */ = {isa = PBXFileReference; fileEncoding = 4; lastKnownFileType = sourcecode.c.h; name = GMUClusterManager.h; path = "google-maps-ios-utils-master/src/Clustering/GMUClusterManager.h"; sourceTree = "<group>"; };
		85E3411A1DE0D61C00AE7FD8 /* GMUClusterItem.h */ = {isa = PBXFileReference; fileEncoding = 4; lastKnownFileType = sourcecode.c.h; name = GMUClusterItem.h; path = "google-maps-ios-utils-master/src/Clustering/GMUClusterItem.h"; sourceTree = "<group>"; };
		85E3411B1DE0D61C00AE7FD8 /* GMUCluster.h */ = {isa = PBXFileReference; fileEncoding = 4; lastKnownFileType = sourcecode.c.h; name = GMUCluster.h; path = "google-maps-ios-utils-master/src/Clustering/GMUCluster.h"; sourceTree = "<group>"; };
		85E3411C1DE0D61C00AE7FD8 /* GMUWrappingDictionaryKey.m */ = {isa = PBXFileReference; fileEncoding = 4; lastKnownFileType = sourcecode.c.objc; name = GMUWrappingDictionaryKey.m; path = "google-maps-ios-utils-master/src/Clustering/Algo/GMUWrappingDictionaryKey.m"; sourceTree = "<group>"; };
		85E3411D1DE0D61C00AE7FD8 /* GMUWrappingDictionaryKey.h */ = {isa = PBXFileReference; fileEncoding = 4; lastKnownFileType = sourcecode.c.h; name = GMUWrappingDictionaryKey.h; path = "google-maps-ios-utils-master/src/Clustering/Algo/GMUWrappingDictionaryKey.h"; sourceTree = "<group>"; };
		85E3411E1DE0D61C00AE7FD8 /* GMUSimpleClusterAlgorithm.m */ = {isa = PBXFileReference; fileEncoding = 4; lastKnownFileType = sourcecode.c.objc; name = GMUSimpleClusterAlgorithm.m; path = "google-maps-ios-utils-master/src/Clustering/Algo/GMUSimpleClusterAlgorithm.m"; sourceTree = "<group>"; };
		85E3411F1DE0D61C00AE7FD8 /* GMUSimpleClusterAlgorithm.h */ = {isa = PBXFileReference; fileEncoding = 4; lastKnownFileType = sourcecode.c.h; name = GMUSimpleClusterAlgorithm.h; path = "google-maps-ios-utils-master/src/Clustering/Algo/GMUSimpleClusterAlgorithm.h"; sourceTree = "<group>"; };
		85E341201DE0D61C00AE7FD8 /* GMUNonHierarchicalDistanceBasedAlgorithm.m */ = {isa = PBXFileReference; fileEncoding = 4; lastKnownFileType = sourcecode.c.objc; name = GMUNonHierarchicalDistanceBasedAlgorithm.m; path = "google-maps-ios-utils-master/src/Clustering/Algo/GMUNonHierarchicalDistanceBasedAlgorithm.m"; sourceTree = "<group>"; };
		85E341211DE0D61C00AE7FD8 /* GMUNonHierarchicalDistanceBasedAlgorithm.h */ = {isa = PBXFileReference; fileEncoding = 4; lastKnownFileType = sourcecode.c.h; name = GMUNonHierarchicalDistanceBasedAlgorithm.h; path = "google-maps-ios-utils-master/src/Clustering/Algo/GMUNonHierarchicalDistanceBasedAlgorithm.h"; sourceTree = "<group>"; };
		85E341221DE0D61C00AE7FD8 /* GMUGridBasedClusterAlgorithm.m */ = {isa = PBXFileReference; fileEncoding = 4; lastKnownFileType = sourcecode.c.objc; name = GMUGridBasedClusterAlgorithm.m; path = "google-maps-ios-utils-master/src/Clustering/Algo/GMUGridBasedClusterAlgorithm.m"; sourceTree = "<group>"; };
		85E341231DE0D61C00AE7FD8 /* GMUGridBasedClusterAlgorithm.h */ = {isa = PBXFileReference; fileEncoding = 4; lastKnownFileType = sourcecode.c.h; name = GMUGridBasedClusterAlgorithm.h; path = "google-maps-ios-utils-master/src/Clustering/Algo/GMUGridBasedClusterAlgorithm.h"; sourceTree = "<group>"; };
		85E341241DE0D61C00AE7FD8 /* GMUClusterAlgorithm.h */ = {isa = PBXFileReference; fileEncoding = 4; lastKnownFileType = sourcecode.c.h; name = GMUClusterAlgorithm.h; path = "google-maps-ios-utils-master/src/Clustering/Algo/GMUClusterAlgorithm.h"; sourceTree = "<group>"; };
		85E341301DE0DB0500AE7FD8 /* POIItem.swift */ = {isa = PBXFileReference; fileEncoding = 4; lastKnownFileType = sourcecode.swift; path = POIItem.swift; sourceTree = "<group>"; };
		D655EFAB1DA728CC002C9D91 /* MapViewController.swift */ = {isa = PBXFileReference; fileEncoding = 4; lastKnownFileType = sourcecode.swift; path = MapViewController.swift; sourceTree = "<group>"; };
/* End PBXFileReference section */

/* Begin PBXFrameworksBuildPhase section */
		5B6044DA1D8B389400D7EAE9 /* Frameworks */ = {
			isa = PBXFrameworksBuildPhase;
			buildActionMask = 2147483647;
			files = (
				5377FCFB6A61DF37A2303345 /* Pods_Citi.framework in Frameworks */,
			);
			runOnlyForDeploymentPostprocessing = 0;
		};
/* End PBXFrameworksBuildPhase section */

/* Begin PBXGroup section */
		25CD90E4940EF70C56C9B528 /* Pods */ = {
			isa = PBXGroup;
			children = (
				60C5FB7F09930B5F9E9E0EED /* Pods-Citi.debug.xcconfig */,
				20EE182AAEF7BE068B4B8FA8 /* Pods-Citi.release.xcconfig */,
			);
			name = Pods;
			sourceTree = "<group>";
		};
		5B1B3DB91DA3F49300B7ECAF /* SignupViewControllers */ = {
			isa = PBXGroup;
			children = (
				5B3119BC1DA3ECFF00DCF408 /* SignupEmailViewController.swift */,
				5B03A8381DA9366600928141 /* SignupEmailVerificationViewController.swift */,
				5B3119C11DA3F3F900DCF408 /* SignupNameViewController.swift */,
				5B3119C31DA3F42300DCF408 /* SignupOptionViewController.swift */,
				5B3119C51DA3F45500DCF408 /* SignupProfileImageViewController.swift */,
			);
			name = SignupViewControllers;
			sourceTree = "<group>";
		};
		5B1B3DBA1DA3F4AD00B7ECAF /* Storyboards */ = {
			isa = PBXGroup;
			children = (
				5BD1D37C1DCAE3A2003AD47C /* TourGuideMap.storyboard */,
				5BD1D37E1DCAE3A2003AD47C /* DriverMap.storyboard */,
				5B3119B91DA3E96F00DCF408 /* Signup.storyboard */,
				5B3119BE1DA3F34500DCF408 /* Map.storyboard */,
				5B6044E41D8B389400D7EAE9 /* Main.storyboard */,
				5B6044E91D8B389400D7EAE9 /* LaunchScreen.storyboard */,
			);
			name = Storyboards;
			sourceTree = "<group>";
		};
		5B1B3DBB1DA7480E00B7ECAF /* Models */ = {
			isa = PBXGroup;
			children = (
				5B1B3DBC1DA7481C00B7ECAF /* User.swift */,
				5BF7DE671DCBBF52004F9B0C /* TourGuide.swift */,
				85E341301DE0DB0500AE7FD8 /* POIItem.swift */,
				85263F981DF8E4F40065078E /* DPManipulator.swift */,
			);
			name = Models;
			sourceTree = "<group>";
		};
		5B6044D41D8B389400D7EAE9 = {
			isa = PBXGroup;
			children = (
				85E340F91DE0D58400AE7FD8 /* Google-Maps-iOS-Utils */,
				5B6044DF1D8B389400D7EAE9 /* Citi */,
				5B6044DE1D8B389400D7EAE9 /* Products */,
				25CD90E4940EF70C56C9B528 /* Pods */,
				CF26602F4810E8C9B840D75B /* Frameworks */,
			);
			sourceTree = "<group>";
		};
		5B6044DE1D8B389400D7EAE9 /* Products */ = {
			isa = PBXGroup;
			children = (
				5B6044DD1D8B389400D7EAE9 /* Citi.app */,
			);
			name = Products;
			sourceTree = "<group>";
		};
		5B6044DF1D8B389400D7EAE9 /* Citi */ = {
			isa = PBXGroup;
			children = (
				85C9402A1DDF8103003D657F /* Extensions */,
				85C940251DDBF1AB003D657F /* Views */,
				5B1B3DBB1DA7480E00B7ECAF /* Models */,
				5B6045071D8F0A2700D7EAE9 /* ViewControllers */,
				5B1B3DBA1DA3F4AD00B7ECAF /* Storyboards */,
				5B6044E01D8B389400D7EAE9 /* AppDelegate.swift */,
				5B87816A1DB066B500F61246 /* TourGuideControlPaneView.xib */,
				5B87816C1DB066FD00F61246 /* TourGuideControlPaneView.swift */,
				5B6044E71D8B389400D7EAE9 /* Assets.xcassets */,
				5B6044EC1D8B389400D7EAE9 /* Info.plist */,
			);
			path = Citi;
			sourceTree = "<group>";
		};
		5B6045071D8F0A2700D7EAE9 /* ViewControllers */ = {
			isa = PBXGroup;
			children = (
				5B1B3DB91DA3F49300B7ECAF /* SignupViewControllers */,
				D655EFAB1DA728CC002C9D91 /* MapViewController.swift */,
				5B6044E21D8B389400D7EAE9 /* LoginViewController.swift */,
				5BD1D37D1DCAE3A2003AD47C /* TourGuideMapViewController.swift */,
				5BD1D37F1DCAE3A2003AD47C /* SignupTourGuidePreferenceViewController.swift */,
			);
			name = ViewControllers;
			sourceTree = "<group>";
		};
		85C940251DDBF1AB003D657F /* Views */ = {
			isa = PBXGroup;
			children = (
				85AE77511DDF853B003E1EF2 /* CustomMarker.swift */,
				85C940261DDBF2A0003D657F /* CustomMarker.xib */,
			);
			name = Views;
			sourceTree = "<group>";
		};
		85C9402A1DDF8103003D657F /* Extensions */ = {
			isa = PBXGroup;
			children = (
				85E340D71DE00BB100AE7FD8 /* UIView Ext.swift */,
			);
			name = Extensions;
			sourceTree = "<group>";
		};
		85E340F91DE0D58400AE7FD8 /* Google-Maps-iOS-Utils */ = {
			isa = PBXGroup;
			children = (
				85E341051DE0D61C00AE7FD8 /* GQTPointQuadTreeItem.h */,
				85E341061DE0D61C00AE7FD8 /* GQTPointQuadTreeChild.m */,
				85E341071DE0D61C00AE7FD8 /* GQTPointQuadTreeChild.h */,
				85E341081DE0D61C00AE7FD8 /* GQTPointQuadTree.m */,
				85E341091DE0D61C00AE7FD8 /* GQTPointQuadTree.h */,
				85E3410A1DE0D61C00AE7FD8 /* GQTPoint.h */,
				85E3410B1DE0D61C00AE7FD8 /* GQTBounds.h */,
				85E3410C1DE0D61C00AE7FD8 /* GMUDefaultClusterRenderer+Testing.h */,
				85E3410D1DE0D61C00AE7FD8 /* GMUDefaultClusterRenderer.m */,
				85E3410E1DE0D61C00AE7FD8 /* GMUDefaultClusterRenderer.h */,
				85E3410F1DE0D61C00AE7FD8 /* GMUDefaultClusterIconGenerator+Testing.h */,
				85E341101DE0D61C00AE7FD8 /* GMUDefaultClusterIconGenerator.m */,
				85E341111DE0D61C00AE7FD8 /* GMUDefaultClusterIconGenerator.h */,
				85E341121DE0D61C00AE7FD8 /* GMUClusterRenderer.h */,
				85E341131DE0D61C00AE7FD8 /* GMUClusterIconGenerator.h */,
				85E341141DE0D61C00AE7FD8 /* GMUStaticCluster.m */,
				85E341151DE0D61C00AE7FD8 /* GMUStaticCluster.h */,
				85E341161DE0D61C00AE7FD8 /* GMUMarkerClustering.h */,
				85E341171DE0D61C00AE7FD8 /* GMUClusterManager+Testing.h */,
				85E341181DE0D61C00AE7FD8 /* GMUClusterManager.m */,
				85E341191DE0D61C00AE7FD8 /* GMUClusterManager.h */,
				85E3411A1DE0D61C00AE7FD8 /* GMUClusterItem.h */,
				85E3411B1DE0D61C00AE7FD8 /* GMUCluster.h */,
				85E3411C1DE0D61C00AE7FD8 /* GMUWrappingDictionaryKey.m */,
				85E3411D1DE0D61C00AE7FD8 /* GMUWrappingDictionaryKey.h */,
				85E3411E1DE0D61C00AE7FD8 /* GMUSimpleClusterAlgorithm.m */,
				85E3411F1DE0D61C00AE7FD8 /* GMUSimpleClusterAlgorithm.h */,
				85E341201DE0D61C00AE7FD8 /* GMUNonHierarchicalDistanceBasedAlgorithm.m */,
				85E341211DE0D61C00AE7FD8 /* GMUNonHierarchicalDistanceBasedAlgorithm.h */,
				85E341221DE0D61C00AE7FD8 /* GMUGridBasedClusterAlgorithm.m */,
				85E341231DE0D61C00AE7FD8 /* GMUGridBasedClusterAlgorithm.h */,
				85E341241DE0D61C00AE7FD8 /* GMUClusterAlgorithm.h */,
				85E341041DE0D61C00AE7FD8 /* Citi-Bridging-Header.h */,
			);
			name = "Google-Maps-iOS-Utils";
			sourceTree = "<group>";
		};
		CF26602F4810E8C9B840D75B /* Frameworks */ = {
			isa = PBXGroup;
			children = (
				68822A89C1F97C58D0170F67 /* Pods_Citi.framework */,
			);
			name = Frameworks;
			sourceTree = "<group>";
		};
/* End PBXGroup section */

/* Begin PBXNativeTarget section */
		5B6044DC1D8B389400D7EAE9 /* Citi */ = {
			isa = PBXNativeTarget;
			buildConfigurationList = 5B6044EF1D8B389400D7EAE9 /* Build configuration list for PBXNativeTarget "Citi" */;
			buildPhases = (
				DA4A3B70DD1ADA1872F6B0BF /* [CP] Check Pods Manifest.lock */,
				5B6044D91D8B389400D7EAE9 /* Sources */,
				5B6044DA1D8B389400D7EAE9 /* Frameworks */,
				5B6044DB1D8B389400D7EAE9 /* Resources */,
				793A5D14C5D0E605B70671BE /* [CP] Embed Pods Frameworks */,
				112042B8EDAC8B6A12984F22 /* [CP] Copy Pods Resources */,
			);
			buildRules = (
			);
			dependencies = (
			);
			name = Citi;
			productName = Citi;
			productReference = 5B6044DD1D8B389400D7EAE9 /* Citi.app */;
			productType = "com.apple.product-type.application";
		};
/* End PBXNativeTarget section */

/* Begin PBXProject section */
		5B6044D51D8B389400D7EAE9 /* Project object */ = {
			isa = PBXProject;
			attributes = {
				LastSwiftUpdateCheck = 0800;
				LastUpgradeCheck = 0810;
				ORGANIZATIONNAME = Citi;
				TargetAttributes = {
					5B6044DC1D8B389400D7EAE9 = {
						CreatedOnToolsVersion = 8.0;
						LastSwiftMigration = 0810;
						ProvisioningStyle = Manual;
					};
				};
			};
			buildConfigurationList = 5B6044D81D8B389400D7EAE9 /* Build configuration list for PBXProject "Citi" */;
			compatibilityVersion = "Xcode 3.2";
			developmentRegion = English;
			hasScannedForEncodings = 0;
			knownRegions = (
				en,
				Base,
			);
			mainGroup = 5B6044D41D8B389400D7EAE9;
			productRefGroup = 5B6044DE1D8B389400D7EAE9 /* Products */;
			projectDirPath = "";
			projectRoot = "";
			targets = (
				5B6044DC1D8B389400D7EAE9 /* Citi */,
			);
		};
/* End PBXProject section */

/* Begin PBXResourcesBuildPhase section */
		5B6044DB1D8B389400D7EAE9 /* Resources */ = {
			isa = PBXResourcesBuildPhase;
			buildActionMask = 2147483647;
			files = (
				5B6044EB1D8B389400D7EAE9 /* LaunchScreen.storyboard in Resources */,
				5B6044E81D8B389400D7EAE9 /* Assets.xcassets in Resources */,
				5B3119C01DA3F34500DCF408 /* Map.storyboard in Resources */,
				5B87816B1DB066B500F61246 /* TourGuideControlPaneView.xib in Resources */,
				5B3119BB1DA3E96F00DCF408 /* Signup.storyboard in Resources */,
				85C940271DDBF2A0003D657F /* CustomMarker.xib in Resources */,
				5BD1D3821DCAE3A2003AD47C /* DriverMap.storyboard in Resources */,
				5BD1D3801DCAE3A2003AD47C /* TourGuideMap.storyboard in Resources */,
				5B6044E61D8B389400D7EAE9 /* Main.storyboard in Resources */,
			);
			runOnlyForDeploymentPostprocessing = 0;
		};
/* End PBXResourcesBuildPhase section */

/* Begin PBXShellScriptBuildPhase section */
		112042B8EDAC8B6A12984F22 /* [CP] Copy Pods Resources */ = {
			isa = PBXShellScriptBuildPhase;
			buildActionMask = 2147483647;
			files = (
			);
			inputPaths = (
			);
			name = "[CP] Copy Pods Resources";
			outputPaths = (
			);
			runOnlyForDeploymentPostprocessing = 0;
			shellPath = /bin/sh;
			shellScript = "\"${SRCROOT}/Pods/Target Support Files/Pods-Citi/Pods-Citi-resources.sh\"\n";
			showEnvVarsInLog = 0;
		};
		793A5D14C5D0E605B70671BE /* [CP] Embed Pods Frameworks */ = {
			isa = PBXShellScriptBuildPhase;
			buildActionMask = 2147483647;
			files = (
			);
			inputPaths = (
			);
			name = "[CP] Embed Pods Frameworks";
			outputPaths = (
			);
			runOnlyForDeploymentPostprocessing = 0;
			shellPath = /bin/sh;
			shellScript = "\"${SRCROOT}/Pods/Target Support Files/Pods-Citi/Pods-Citi-frameworks.sh\"\n";
			showEnvVarsInLog = 0;
		};
		DA4A3B70DD1ADA1872F6B0BF /* [CP] Check Pods Manifest.lock */ = {
			isa = PBXShellScriptBuildPhase;
			buildActionMask = 2147483647;
			files = (
			);
			inputPaths = (
			);
			name = "[CP] Check Pods Manifest.lock";
			outputPaths = (
			);
			runOnlyForDeploymentPostprocessing = 0;
			shellPath = /bin/sh;
			shellScript = "diff \"${PODS_ROOT}/../Podfile.lock\" \"${PODS_ROOT}/Manifest.lock\" > /dev/null\nif [[ $? != 0 ]] ; then\n    cat << EOM\nerror: The sandbox is not in sync with the Podfile.lock. Run 'pod install' or update your CocoaPods installation.\nEOM\n    exit 1\nfi\n";
			showEnvVarsInLog = 0;
		};
/* End PBXShellScriptBuildPhase section */

/* Begin PBXSourcesBuildPhase section */
		5B6044D91D8B389400D7EAE9 /* Sources */ = {
			isa = PBXSourcesBuildPhase;
			buildActionMask = 2147483647;
			files = (
				85E341261DE0D61C00AE7FD8 /* GQTPointQuadTree.m in Sources */,
				5B3119C61DA3F45500DCF408 /* SignupProfileImageViewController.swift in Sources */,
				5B3119BD1DA3ECFF00DCF408 /* SignupEmailViewController.swift in Sources */,
				5B87816D1DB066FD00F61246 /* TourGuideControlPaneView.swift in Sources */,
				85E3412A1DE0D61C00AE7FD8 /* GMUClusterManager.m in Sources */,
				85E3412B1DE0D61C00AE7FD8 /* GMUWrappingDictionaryKey.m in Sources */,
				85E340D81DE00BB100AE7FD8 /* UIView Ext.swift in Sources */,
				5BD1D3811DCAE3A2003AD47C /* TourGuideMapViewController.swift in Sources */,
				85E341281DE0D61C00AE7FD8 /* GMUDefaultClusterIconGenerator.m in Sources */,
				85E3412D1DE0D61C00AE7FD8 /* GMUNonHierarchicalDistanceBasedAlgorithm.m in Sources */,
				5BD1D3831DCAE3A2003AD47C /* SignupTourGuidePreferenceViewController.swift in Sources */,
				85E341311DE0DB0500AE7FD8 /* POIItem.swift in Sources */,
				85E341291DE0D61C00AE7FD8 /* GMUStaticCluster.m in Sources */,
				5B6044E31D8B389400D7EAE9 /* LoginViewController.swift in Sources */,
				85E3412E1DE0D61C00AE7FD8 /* GMUGridBasedClusterAlgorithm.m in Sources */,
				85E341251DE0D61C00AE7FD8 /* GQTPointQuadTreeChild.m in Sources */,
				85E3412C1DE0D61C00AE7FD8 /* GMUSimpleClusterAlgorithm.m in Sources */,
				85263F991DF8E4F40065078E /* DPManipulator.swift in Sources */,
				5B6044E11D8B389400D7EAE9 /* AppDelegate.swift in Sources */,
				85AE77521DDF853B003E1EF2 /* CustomMarker.swift in Sources */,
				5B1B3DBD1DA7481C00B7ECAF /* User.swift in Sources */,
				5B3119C41DA3F42300DCF408 /* SignupOptionViewController.swift in Sources */,
				85E341271DE0D61C00AE7FD8 /* GMUDefaultClusterRenderer.m in Sources */,
				5B3119C21DA3F3F900DCF408 /* SignupNameViewController.swift in Sources */,
				5BF7DE681DCBBF52004F9B0C /* TourGuide.swift in Sources */,
				D655EFAC1DA728CC002C9D91 /* MapViewController.swift in Sources */,
				5B03A8391DA9366600928141 /* SignupEmailVerificationViewController.swift in Sources */,
			);
			runOnlyForDeploymentPostprocessing = 0;
		};
/* End PBXSourcesBuildPhase section */

/* Begin PBXVariantGroup section */
		5B3119B91DA3E96F00DCF408 /* Signup.storyboard */ = {
			isa = PBXVariantGroup;
			children = (
				5B3119BA1DA3E96F00DCF408 /* Base */,
			);
			name = Signup.storyboard;
			sourceTree = "<group>";
		};
		5B3119BE1DA3F34500DCF408 /* Map.storyboard */ = {
			isa = PBXVariantGroup;
			children = (
				5B3119BF1DA3F34500DCF408 /* Base */,
			);
			name = Map.storyboard;
			sourceTree = "<group>";
		};
		5B6044E41D8B389400D7EAE9 /* Main.storyboard */ = {
			isa = PBXVariantGroup;
			children = (
				5B6044E51D8B389400D7EAE9 /* Base */,
			);
			name = Main.storyboard;
			sourceTree = "<group>";
		};
		5B6044E91D8B389400D7EAE9 /* LaunchScreen.storyboard */ = {
			isa = PBXVariantGroup;
			children = (
				5B6044EA1D8B389400D7EAE9 /* Base */,
			);
			name = LaunchScreen.storyboard;
			sourceTree = "<group>";
		};
/* End PBXVariantGroup section */

/* Begin XCBuildConfiguration section */
		5B6044ED1D8B389400D7EAE9 /* Debug */ = {
			isa = XCBuildConfiguration;
			buildSettings = {
				ALWAYS_SEARCH_USER_PATHS = NO;
				CLANG_ANALYZER_NONNULL = YES;
				CLANG_CXX_LANGUAGE_STANDARD = "gnu++0x";
				CLANG_CXX_LIBRARY = "libc++";
				CLANG_ENABLE_MODULES = YES;
				CLANG_ENABLE_OBJC_ARC = YES;
				CLANG_WARN_BOOL_CONVERSION = YES;
				CLANG_WARN_CONSTANT_CONVERSION = YES;
				CLANG_WARN_DIRECT_OBJC_ISA_USAGE = YES_ERROR;
				CLANG_WARN_DOCUMENTATION_COMMENTS = YES;
				CLANG_WARN_EMPTY_BODY = YES;
				CLANG_WARN_ENUM_CONVERSION = YES;
				CLANG_WARN_INFINITE_RECURSION = YES;
				CLANG_WARN_INT_CONVERSION = YES;
				CLANG_WARN_OBJC_ROOT_CLASS = YES_ERROR;
				CLANG_WARN_SUSPICIOUS_MOVE = YES;
				CLANG_WARN_SUSPICIOUS_MOVES = YES;
				CLANG_WARN_UNREACHABLE_CODE = YES;
				CLANG_WARN__DUPLICATE_METHOD_MATCH = YES;
				"CODE_SIGN_IDENTITY[sdk=iphoneos*]" = "iPhone Developer";
				COPY_PHASE_STRIP = NO;
				DEBUG_INFORMATION_FORMAT = dwarf;
				ENABLE_STRICT_OBJC_MSGSEND = YES;
				ENABLE_TESTABILITY = YES;
				GCC_C_LANGUAGE_STANDARD = gnu99;
				GCC_DYNAMIC_NO_PIC = NO;
				GCC_NO_COMMON_BLOCKS = YES;
				GCC_OPTIMIZATION_LEVEL = 0;
				GCC_PREPROCESSOR_DEFINITIONS = (
					"DEBUG=1",
					"$(inherited)",
				);
				GCC_WARN_64_TO_32_BIT_CONVERSION = YES;
				GCC_WARN_ABOUT_RETURN_TYPE = YES_ERROR;
				GCC_WARN_UNDECLARED_SELECTOR = YES;
				GCC_WARN_UNINITIALIZED_AUTOS = YES_AGGRESSIVE;
				GCC_WARN_UNUSED_FUNCTION = YES;
				GCC_WARN_UNUSED_VARIABLE = YES;
				HEADER_SEARCH_PATHS = "$(BUILD_DIR)/../IntermediateBuildFilesPath/Headers";
				IPHONEOS_DEPLOYMENT_TARGET = 10.0;
				MTL_ENABLE_DEBUG_INFO = YES;
				ONLY_ACTIVE_ARCH = YES;
				SDKROOT = iphoneos;
				SKIP_INSTALL = YES;
				SWIFT_ACTIVE_COMPILATION_CONDITIONS = DEBUG;
				SWIFT_OPTIMIZATION_LEVEL = "-Onone";
			};
			name = Debug;
		};
		5B6044EE1D8B389400D7EAE9 /* Release */ = {
			isa = XCBuildConfiguration;
			buildSettings = {
				ALWAYS_SEARCH_USER_PATHS = NO;
				CLANG_ANALYZER_NONNULL = YES;
				CLANG_CXX_LANGUAGE_STANDARD = "gnu++0x";
				CLANG_CXX_LIBRARY = "libc++";
				CLANG_ENABLE_MODULES = YES;
				CLANG_ENABLE_OBJC_ARC = YES;
				CLANG_WARN_BOOL_CONVERSION = YES;
				CLANG_WARN_CONSTANT_CONVERSION = YES;
				CLANG_WARN_DIRECT_OBJC_ISA_USAGE = YES_ERROR;
				CLANG_WARN_DOCUMENTATION_COMMENTS = YES;
				CLANG_WARN_EMPTY_BODY = YES;
				CLANG_WARN_ENUM_CONVERSION = YES;
				CLANG_WARN_INFINITE_RECURSION = YES;
				CLANG_WARN_INT_CONVERSION = YES;
				CLANG_WARN_OBJC_ROOT_CLASS = YES_ERROR;
				CLANG_WARN_SUSPICIOUS_MOVE = YES;
				CLANG_WARN_SUSPICIOUS_MOVES = YES;
				CLANG_WARN_UNREACHABLE_CODE = YES;
				CLANG_WARN__DUPLICATE_METHOD_MATCH = YES;
				"CODE_SIGN_IDENTITY[sdk=iphoneos*]" = "iPhone Developer";
				COPY_PHASE_STRIP = NO;
				DEBUG_INFORMATION_FORMAT = "dwarf-with-dsym";
				ENABLE_NS_ASSERTIONS = NO;
				ENABLE_STRICT_OBJC_MSGSEND = YES;
				GCC_C_LANGUAGE_STANDARD = gnu99;
				GCC_NO_COMMON_BLOCKS = YES;
				GCC_WARN_64_TO_32_BIT_CONVERSION = YES;
				GCC_WARN_ABOUT_RETURN_TYPE = YES_ERROR;
				GCC_WARN_UNDECLARED_SELECTOR = YES;
				GCC_WARN_UNINITIALIZED_AUTOS = YES_AGGRESSIVE;
				GCC_WARN_UNUSED_FUNCTION = YES;
				GCC_WARN_UNUSED_VARIABLE = YES;
				HEADER_SEARCH_PATHS = "$(BUILD_DIR)/../IntermediateBuildFilesPath/Headers";
				IPHONEOS_DEPLOYMENT_TARGET = 10.0;
				MTL_ENABLE_DEBUG_INFO = NO;
				SDKROOT = iphoneos;
				SKIP_INSTALL = YES;
				SWIFT_OPTIMIZATION_LEVEL = "-Owholemodule";
				VALIDATE_PRODUCT = YES;
			};
			name = Release;
		};
		5B6044F01D8B389400D7EAE9 /* Debug */ = {
			isa = XCBuildConfiguration;
			baseConfigurationReference = 60C5FB7F09930B5F9E9E0EED /* Pods-Citi.debug.xcconfig */;
			buildSettings = {
				ALWAYS_EMBED_SWIFT_STANDARD_LIBRARIES = YES;
				ASSETCATALOG_COMPILER_APPICON_NAME = AppIcon;
				CLANG_ENABLE_MODULES = YES;
				DEVELOPMENT_TEAM = "";
				HEADER_SEARCH_PATHS = "$(BUILD_DIR)/../IntermediateBuildFilesPath/Headers";
				INFOPLIST_FILE = Citi/Info.plist;
				IPHONEOS_DEPLOYMENT_TARGET = 9.0;
				LD_RUNPATH_SEARCH_PATHS = "$(inherited) @executable_path/Frameworks";
				PRODUCT_BUNDLE_IDENTIFIER = com.cs490.Citi;
				PRODUCT_NAME = "$(TARGET_NAME)";
				SKIP_INSTALL = YES;
				SWIFT_OBJC_BRIDGING_HEADER = "Citi-Bridging-Header.h";
				SWIFT_OPTIMIZATION_LEVEL = "-Onone";
				SWIFT_VERSION = 3.0;
			};
			name = Debug;
		};
		5B6044F11D8B389400D7EAE9 /* Release */ = {
			isa = XCBuildConfiguration;
			baseConfigurationReference = 20EE182AAEF7BE068B4B8FA8 /* Pods-Citi.release.xcconfig */;
			buildSettings = {
				ALWAYS_EMBED_SWIFT_STANDARD_LIBRARIES = YES;
				ASSETCATALOG_COMPILER_APPICON_NAME = AppIcon;
				CLANG_ENABLE_MODULES = YES;
				DEVELOPMENT_TEAM = "";
				HEADER_SEARCH_PATHS = "$(BUILD_DIR)/../IntermediateBuildFilesPath/Headers";
				INFOPLIST_FILE = Citi/Info.plist;
				IPHONEOS_DEPLOYMENT_TARGET = 9.0;
				LD_RUNPATH_SEARCH_PATHS = "$(inherited) @executable_path/Frameworks";
				PRODUCT_BUNDLE_IDENTIFIER = com.cs490.Citi;
				PRODUCT_NAME = "$(TARGET_NAME)";
				SKIP_INSTALL = YES;
				SWIFT_OBJC_BRIDGING_HEADER = "Citi-Bridging-Header.h";
				SWIFT_VERSION = 3.0;
			};
			name = Release;
		};
/* End XCBuildConfiguration section */

/* Begin XCConfigurationList section */
		5B6044D81D8B389400D7EAE9 /* Build configuration list for PBXProject "Citi" */ = {
			isa = XCConfigurationList;
			buildConfigurations = (
				5B6044ED1D8B389400D7EAE9 /* Debug */,
				5B6044EE1D8B389400D7EAE9 /* Release */,
			);
			defaultConfigurationIsVisible = 0;
			defaultConfigurationName = Release;
		};
		5B6044EF1D8B389400D7EAE9 /* Build configuration list for PBXNativeTarget "Citi" */ = {
			isa = XCConfigurationList;
			buildConfigurations = (
				5B6044F01D8B389400D7EAE9 /* Debug */,
				5B6044F11D8B389400D7EAE9 /* Release */,
			);
			defaultConfigurationIsVisible = 0;
			defaultConfigurationName = Release;
		};
/* End XCConfigurationList section */
	};
	rootObject = 5B6044D51D8B389400D7EAE9 /* Project object */;
}
